
Microsoft Visual Studio Solution File, Format Version 12.00
# Visual Studio Version 17
VisualStudioVersion = 17.14.36623.8 d17.14
MinimumVisualStudioVersion = 10.0.40219.1
Project("{FAE04EC0-301F-11D3-BF4B-00C04F79EFBC}") = "Task 1", "Task 1.csproj", "{DC638D86-1F86-437D-9E64-833D53EBE1B8}"
EndProject
Project("{FAE04EC0-301F-11D3-BF4B-00C04F79EFBC}") = "Task 2", "..\Task 2\Task 2.csproj", "{B04CC836-B3EC-4C52-B0C1-75C61B6463A1}"
EndProject
Project("{FAE04EC0-301F-11D3-BF4B-00C04F79EFBC}") = "Task 3", "..\Task 3\Task 3.csproj", "{1061AFEA-27E5-4A82-8FE9-EE83AE5DF591}"
EndProject
Project("{FAE04EC0-301F-11D3-BF4B-00C04F79EFBC}") = "Task 4", "..\Task 4\Task 4.csproj", "{59E7CD7E-8F16-49D5-A136-F8BE6F8E3407}"
EndProject
Project("{FAE04EC0-301F-11D3-BF4B-00C04F79EFBC}") = "Task 5", "..\Task 5\Task 5.csproj", "{AF48B365-87FF-4C05-AEBB-D7EB89D30EB7}"
EndProject
Global
	GlobalSection(SolutionConfigurationPlatforms) = preSolution
		Debug|Any CPU = Debug|Any CPU
		Release|Any CPU = Release|Any CPU
	EndGlobalSection
	GlobalSection(ProjectConfigurationPlatforms) = postSolution
		{DC638D86-1F86-437D-9E64-833D53EBE1B8}.Debug|Any CPU.ActiveCfg = Debug|Any CPU
		{DC638D86-1F86-437D-9E64-833D53EBE1B8}.Debug|Any CPU.Build.0 = Debug|Any CPU
		{DC638D86-1F86-437D-9E64-833D53EBE1B8}.Release|Any CPU.ActiveCfg = Release|Any CPU
		{DC638D86-1F86-437D-9E64-833D53EBE1B8}.Release|Any CPU.Build.0 = Release|Any CPU
		{B04CC836-B3EC-4C52-B0C1-75C61B6463A1}.Debug|Any CPU.ActiveCfg = Debug|Any CPU
		{B04CC836-B3EC-4C52-B0C1-75C61B6463A1}.Debug|Any CPU.Build.0 = Debug|Any CPU
		{B04CC836-B3EC-4C52-B0C1-75C61B6463A1}.Release|Any CPU.ActiveCfg = Release|Any CPU
		{B04CC836-B3EC-4C52-B0C1-75C61B6463A1}.Release|Any CPU.Build.0 = Release|Any CPU
		{1061AFEA-27E5-4A82-8FE9-EE83AE5DF591}.Debug|Any CPU.ActiveCfg = Debug|Any CPU
		{1061AFEA-27E5-4A82-8FE9-EE83AE5DF591}.Debug|Any CPU.Build.0 = Debug|Any CPU
		{1061AFEA-27E5-4A82-8FE9-EE83AE5DF591}.Release|Any CPU.ActiveCfg = Release|Any CPU
		{1061AFEA-27E5-4A82-8FE9-EE83AE5DF591}.Release|Any CPU.Build.0 = Release|Any CPU
		{59E7CD7E-8F16-49D5-A136-F8BE6F8E3407}.Debug|Any CPU.ActiveCfg = Debug|Any CPU
		{59E7CD7E-8F16-49D5-A136-F8BE6F8E3407}.Debug|Any CPU.Build.0 = Debug|Any CPU
		{59E7CD7E-8F16-49D5-A136-F8BE6F8E3407}.Release|Any CPU.ActiveCfg = Release|Any CPU
		{59E7CD7E-8F16-49D5-A136-F8BE6F8E3407}.Release|Any CPU.Build.0 = Release|Any CPU
		{AF48B365-87FF-4C05-AEBB-D7EB89D30EB7}.Debug|Any CPU.ActiveCfg = Debug|Any CPU
		{AF48B365-87FF-4C05-AEBB-D7EB89D30EB7}.Debug|Any CPU.Build.0 = Debug|Any CPU
		{AF48B365-87FF-4C05-AEBB-D7EB89D30EB7}.Release|Any CPU.ActiveCfg = Release|Any CPU
		{AF48B365-87FF-4C05-AEBB-D7EB89D30EB7}.Release|Any CPU.Build.0 = Release|Any CPU
	EndGlobalSection
	GlobalSection(SolutionProperties) = preSolution
		HideSolutionNode = FALSE
	EndGlobalSection
	GlobalSection(ExtensibilityGlobals) = postSolution
		SolutionGuid = {1D658865-1EBB-4085-84E1-807036E2E4CE}
	EndGlobalSection
EndGlobal
